
Microsoft Visual Studio Solution File, Format Version 12.00
# Visual Studio Version 16
VisualStudioVersion = 16.0.30709.132
MinimumVisualStudioVersion = 10.0.40219.1
Project("{FAE04EC0-301F-11D3-BF4B-00C04F79EFBC}") = "netfx", "netfx\netfx.csproj", "{275A01C7-282D-42CE-9518-CEEB5BFA03E0}"
EndProject
Project("{FAE04EC0-301F-11D3-BF4B-00C04F79EFBC}") = "netcore", "netcore\netcore.csproj", "{8504D522-D03E-40CB-BB9D-A693133ECAAA}"
EndProject
Global
	GlobalSection(SolutionConfigurationPlatforms) = preSolution
		Debug|Any CPU = Debug|Any CPU
		Release|Any CPU = Release|Any CPU
	EndGlobalSection
	GlobalSection(ProjectConfigurationPlatforms) = postSolution
		{275A01C7-282D-42CE-9518-CEEB5BFA03E0}.Debug|Any CPU.ActiveCfg = Debug|Any CPU
		{275A01C7-282D-42CE-9518-CEEB5BFA03E0}.Debug|Any CPU.Build.0 = Debug|Any CPU
		{275A01C7-282D-42CE-9518-CEEB5BFA03E0}.Release|Any CPU.ActiveCfg = Release|Any CPU
		{275A01C7-282D-42CE-9518-CEEB5BFA03E0}.Release|Any CPU.Build.0 = Release|Any CPU
		{8504D522-D03E-40CB-BB9D-A693133ECAAA}.Debug|Any CPU.ActiveCfg = Debug|Any CPU
		{8504D522-D03E-40CB-BB9D-A693133ECAAA}.Debug|Any CPU.Build.0 = Debug|Any CPU
		{8504D522-D03E-40CB-BB9D-A693133ECAAA}.Release|Any CPU.ActiveCfg = Release|Any CPU
		{8504D522-D03E-40CB-BB9D-A693133ECAAA}.Release|Any CPU.Build.0 = Release|Any CPU
	EndGlobalSection
	GlobalSection(SolutionProperties) = preSolution
		HideSolutionNode = FALSE
	EndGlobalSection
	GlobalSection(ExtensibilityGlobals) = postSolution
		SolutionGuid = {B61E9F89-71BA-4437-9990-57C9EF3E4324}
	EndGlobalSection
EndGlobal
